
Microsoft Visual Studio Solution File, Format Version 12.00
# Visual Studio Version 16
VisualStudioVersion = 16.0.31515.178
MinimumVisualStudioVersion = 10.0.40219.1
Project("{FAE04EC0-301F-11D3-BF4B-00C04F79EFBC}") = "Atividade5", "Atividade5\Atividade5.csproj", "{4EA95255-7B39-4CF3-BB30-DE93F94A8EAC}"
EndProject
Global
	GlobalSection(SolutionConfigurationPlatforms) = preSolution
		Debug|Any CPU = Debug|Any CPU
		Release|Any CPU = Release|Any CPU
	EndGlobalSection
	GlobalSection(ProjectConfigurationPlatforms) = postSolution
		{4EA95255-7B39-4CF3-BB30-DE93F94A8EAC}.Debug|Any CPU.ActiveCfg = Debug|Any CPU
		{4EA95255-7B39-4CF3-BB30-DE93F94A8EAC}.Debug|Any CPU.Build.0 = Debug|Any CPU
		{4EA95255-7B39-4CF3-BB30-DE93F94A8EAC}.Release|Any CPU.ActiveCfg = Release|Any CPU
		{4EA95255-7B39-4CF3-BB30-DE93F94A8EAC}.Release|Any CPU.Build.0 = Release|Any CPU
	EndGlobalSection
	GlobalSection(SolutionProperties) = preSolution
		HideSolutionNode = FALSE
	EndGlobalSection
	GlobalSection(ExtensibilityGlobals) = postSolution
		SolutionGuid = {DA06C5B1-D8C1-42D9-B792-8AE56E87D3FA}
	EndGlobalSection
EndGlobal
