
Microsoft Visual Studio Solution File, Format Version 12.00
# Visual Studio Version 16
VisualStudioVersion = 16.0.31515.178
MinimumVisualStudioVersion = 10.0.40219.1
Project("{FAE04EC0-301F-11D3-BF4B-00C04F79EFBC}") = "Atividade2", "Atividade2\Atividade2.csproj", "{75A5C3FF-E076-41E4-9B85-57674FE81765}"
EndProject
Global
	GlobalSection(SolutionConfigurationPlatforms) = preSolution
		Debug|Any CPU = Debug|Any CPU
		Release|Any CPU = Release|Any CPU
	EndGlobalSection
	GlobalSection(ProjectConfigurationPlatforms) = postSolution
		{75A5C3FF-E076-41E4-9B85-57674FE81765}.Debug|Any CPU.ActiveCfg = Debug|Any CPU
		{75A5C3FF-E076-41E4-9B85-57674FE81765}.Debug|Any CPU.Build.0 = Debug|Any CPU
		{75A5C3FF-E076-41E4-9B85-57674FE81765}.Release|Any CPU.ActiveCfg = Release|Any CPU
		{75A5C3FF-E076-41E4-9B85-57674FE81765}.Release|Any CPU.Build.0 = Release|Any CPU
	EndGlobalSection
	GlobalSection(SolutionProperties) = preSolution
		HideSolutionNode = FALSE
	EndGlobalSection
	GlobalSection(ExtensibilityGlobals) = postSolution
		SolutionGuid = {925D9DE2-8368-4E5C-9833-ED841419D9D0}
	EndGlobalSection
EndGlobal
